// !$*UTF8*$!
{
	archiveVersion = 1;
	classes = {
	};
	objectVersion = 50;
	objects = {

/* Begin PBXBuildFile section */
		1402CC752886952E0059B4B1 /* BluetoothSerial.swift in Sources */ = {isa = PBXBuildFile; fileRef = 1402CC742886952E0059B4B1 /* BluetoothSerial.swift */; };
		143906F7288FE9AB005E7683 /* SettingsView.swift in Sources */ = {isa = PBXBuildFile; fileRef = 143906F6288FE9AB005E7683 /* SettingsView.swift */; };
		143906F9288FE9C0005E7683 /* Gluco_simulator_View.swift in Sources */ = {isa = PBXBuildFile; fileRef = 143906F8288FE9C0005E7683 /* Gluco_simulator_View.swift */; };
		143906FC288FE9E2005E7683 /* InjectView.swift in Sources */ = {isa = PBXBuildFile; fileRef = 143906FB288FE9E2005E7683 /* InjectView.swift */; };
		143906FE288FE9FB005E7683 /* TabBar.swift in Sources */ = {isa = PBXBuildFile; fileRef = 143906FD288FE9FB005E7683 /* TabBar.swift */; };
		145E08AB284FE8A50096EF9E /* sgcApp.swift in Sources */ = {isa = PBXBuildFile; fileRef = 145E08AA284FE8A50096EF9E /* sgcApp.swift */; };
		145E08AD284FE8A50096EF9E /* HomeView.swift in Sources */ = {isa = PBXBuildFile; fileRef = 145E08AC284FE8A50096EF9E /* HomeView.swift */; };
		145E08AF284FE8A60096EF9E /* Assets.xcassets in Resources */ = {isa = PBXBuildFile; fileRef = 145E08AE284FE8A60096EF9E /* Assets.xcassets */; };
		145E08B2284FE8A60096EF9E /* Preview Assets.xcassets in Resources */ = {isa = PBXBuildFile; fileRef = 145E08B1284FE8A60096EF9E /* Preview Assets.xcassets */; };
/* End PBXBuildFile section */

/* Begin PBXFileReference section */
		1402CC742886952E0059B4B1 /* BluetoothSerial.swift */ = {isa = PBXFileReference; fileEncoding = 4; lastKnownFileType = sourcecode.swift; path = BluetoothSerial.swift; sourceTree = "<group>"; };
		143906F6288FE9AB005E7683 /* SettingsView.swift */ = {isa = PBXFileReference; lastKnownFileType = sourcecode.swift; path = SettingsView.swift; sourceTree = "<group>"; };
		143906F8288FE9C0005E7683 /* Gluco_simulator_View.swift */ = {isa = PBXFileReference; lastKnownFileType = sourcecode.swift; path = Gluco_simulator_View.swift; sourceTree = "<group>"; };
		143906FB288FE9E2005E7683 /* InjectView.swift */ = {isa = PBXFileReference; lastKnownFileType = sourcecode.swift; path = InjectView.swift; sourceTree = "<group>"; };
		143906FD288FE9FB005E7683 /* TabBar.swift */ = {isa = PBXFileReference; lastKnownFileType = sourcecode.swift; path = TabBar.swift; sourceTree = "<group>"; };
		145E08A7284FE8A50096EF9E /* sgc.app */ = {isa = PBXFileReference; explicitFileType = wrapper.application; includeInIndex = 0; path = sgc.app; sourceTree = BUILT_PRODUCTS_DIR; };
		145E08AA284FE8A50096EF9E /* sgcApp.swift */ = {isa = PBXFileReference; lastKnownFileType = sourcecode.swift; path = sgcApp.swift; sourceTree = "<group>"; };
		145E08AC284FE8A50096EF9E /* HomeView.swift */ = {isa = PBXFileReference; lastKnownFileType = sourcecode.swift; path = HomeView.swift; sourceTree = "<group>"; };
		145E08AE284FE8A60096EF9E /* Assets.xcassets */ = {isa = PBXFileReference; lastKnownFileType = folder.assetcatalog; path = Assets.xcassets; sourceTree = "<group>"; };
		145E08B1284FE8A60096EF9E /* Preview Assets.xcassets */ = {isa = PBXFileReference; lastKnownFileType = folder.assetcatalog; path = "Preview Assets.xcassets"; sourceTree = "<group>"; };
		145E08B3284FE8A60096EF9E /* Info.plist */ = {isa = PBXFileReference; lastKnownFileType = text.plist.xml; path = Info.plist; sourceTree = "<group>"; };
/* End PBXFileReference section */

/* Begin PBXFrameworksBuildPhase section */
		145E08A4284FE8A50096EF9E /* Frameworks */ = {
			isa = PBXFrameworksBuildPhase;
			buildActionMask = 2147483647;
			files = (
			);
			runOnlyForDeploymentPostprocessing = 0;
		};
/* End PBXFrameworksBuildPhase section */

/* Begin PBXGroup section */
		143906F5288FE97D005E7683 /* Screens */ = {
			isa = PBXGroup;
			children = (
				145E08AC284FE8A50096EF9E /* HomeView.swift */,
				143906FB288FE9E2005E7683 /* InjectView.swift */,
				143906F8288FE9C0005E7683 /* Gluco_simulator_View.swift */,
				143906F6288FE9AB005E7683 /* SettingsView.swift */,
			);
			path = Screens;
			sourceTree = "<group>";
		};
		145E089E284FE8A50096EF9E = {
			isa = PBXGroup;
			children = (
				145E08A9284FE8A50096EF9E /* sgc */,
				145E08A8284FE8A50096EF9E /* Products */,
			);
			sourceTree = "<group>";
		};
		145E08A8284FE8A50096EF9E /* Products */ = {
			isa = PBXGroup;
			children = (
				145E08A7284FE8A50096EF9E /* sgc.app */,
			);
			name = Products;
			sourceTree = "<group>";
		};
		145E08A9284FE8A50096EF9E /* sgc */ = {
			isa = PBXGroup;
			children = (
				145E08AA284FE8A50096EF9E /* sgcApp.swift */,
				143906FD288FE9FB005E7683 /* TabBar.swift */,
				143906F5288FE97D005E7683 /* Screens */,
				1402CC742886952E0059B4B1 /* BluetoothSerial.swift */,
				145E08AE284FE8A60096EF9E /* Assets.xcassets */,
				145E08B3284FE8A60096EF9E /* Info.plist */,
				145E08B0284FE8A60096EF9E /* Preview Content */,
			);
			path = sgc;
			sourceTree = "<group>";
		};
		145E08B0284FE8A60096EF9E /* Preview Content */ = {
			isa = PBXGroup;
			children = (
				145E08B1284FE8A60096EF9E /* Preview Assets.xcassets */,
			);
			path = "Preview Content";
			sourceTree = "<group>";
		};
/* End PBXGroup section */

/* Begin PBXNativeTarget section */
		145E08A6284FE8A50096EF9E /* sgc */ = {
			isa = PBXNativeTarget;
			buildConfigurationList = 145E08B6284FE8A60096EF9E /* Build configuration list for PBXNativeTarget "sgc" */;
			buildPhases = (
				145E08A3284FE8A50096EF9E /* Sources */,
				145E08A4284FE8A50096EF9E /* Frameworks */,
				145E08A5284FE8A50096EF9E /* Resources */,
			);
			buildRules = (
			);
			dependencies = (
			);
			name = sgc;
			productName = sgc;
			productReference = 145E08A7284FE8A50096EF9E /* sgc.app */;
			productType = "com.apple.product-type.application";
		};
/* End PBXNativeTarget section */

/* Begin PBXProject section */
		145E089F284FE8A50096EF9E /* Project object */ = {
			isa = PBXProject;
			attributes = {
				LastSwiftUpdateCheck = 1200;
				LastUpgradeCheck = 1200;
				TargetAttributes = {
					145E08A6284FE8A50096EF9E = {
						CreatedOnToolsVersion = 12.0;
					};
				};
			};
			buildConfigurationList = 145E08A2284FE8A50096EF9E /* Build configuration list for PBXProject "sgc" */;
			compatibilityVersion = "Xcode 9.3";
			developmentRegion = en;
			hasScannedForEncodings = 0;
			knownRegions = (
				en,
				Base,
			);
			mainGroup = 145E089E284FE8A50096EF9E;
			productRefGroup = 145E08A8284FE8A50096EF9E /* Products */;
			projectDirPath = "";
			projectRoot = "";
			targets = (
				145E08A6284FE8A50096EF9E /* sgc */,
			);
		};
/* End PBXProject section */

/* Begin PBXResourcesBuildPhase section */
		145E08A5284FE8A50096EF9E /* Resources */ = {
			isa = PBXResourcesBuildPhase;
			buildActionMask = 2147483647;
			files = (
				145E08B2284FE8A60096EF9E /* Preview Assets.xcassets in Resources */,
				145E08AF284FE8A60096EF9E /* Assets.xcassets in Resources */,
			);
			runOnlyForDeploymentPostprocessing = 0;
		};
/* End PBXResourcesBuildPhase section */

/* Begin PBXSourcesBuildPhase section */
		145E08A3284FE8A50096EF9E /* Sources */ = {
			isa = PBXSourcesBuildPhase;
			buildActionMask = 2147483647;
			files = (
				145E08AD284FE8A50096EF9E /* HomeView.swift in Sources */,
				143906FC288FE9E2005E7683 /* InjectView.swift in Sources */,
				143906F7288FE9AB005E7683 /* SettingsView.swift in Sources */,
				145E08AB284FE8A50096EF9E /* sgcApp.swift in Sources */,
				1402CC752886952E0059B4B1 /* BluetoothSerial.swift in Sources */,
				143906F9288FE9C0005E7683 /* Gluco_simulator_View.swift in Sources */,
				143906FE288FE9FB005E7683 /* TabBar.swift in Sources */,
			);
			runOnlyForDeploymentPostprocessing = 0;
		};
/* End PBXSourcesBuildPhase section */

/* Begin XCBuildConfiguration section */
		145E08B4284FE8A60096EF9E /* Debug */ = {
			isa = XCBuildConfiguration;
			buildSettings = {
				ALWAYS_SEARCH_USER_PATHS = NO;
				CLANG_ANALYZER_NONNULL = YES;
				CLANG_ANALYZER_NUMBER_OBJECT_CONVERSION = YES_AGGRESSIVE;
				CLANG_CXX_LANGUAGE_STANDARD = "gnu++14";
				CLANG_CXX_LIBRARY = "libc++";
				CLANG_ENABLE_MODULES = YES;
				CLANG_ENABLE_OBJC_ARC = YES;
				CLANG_ENABLE_OBJC_WEAK = YES;
				CLANG_WARN_BLOCK_CAPTURE_AUTORELEASING = YES;
				CLANG_WARN_BOOL_CONVERSION = YES;
				CLANG_WARN_COMMA = YES;
				CLANG_WARN_CONSTANT_CONVERSION = YES;
				CLANG_WARN_DEPRECATED_OBJC_IMPLEMENTATIONS = YES;
				CLANG_WARN_DIRECT_OBJC_ISA_USAGE = YES_ERROR;
				CLANG_WARN_DOCUMENTATION_COMMENTS = YES;
				CLANG_WARN_EMPTY_BODY = YES;
				CLANG_WARN_ENUM_CONVERSION = YES;
				CLANG_WARN_INFINITE_RECURSION = YES;
				CLANG_WARN_INT_CONVERSION = YES;
				CLANG_WARN_NON_LITERAL_NULL_CONVERSION = YES;
				CLANG_WARN_OBJC_IMPLICIT_RETAIN_SELF = YES;
				CLANG_WARN_OBJC_LITERAL_CONVERSION = YES;
				CLANG_WARN_OBJC_ROOT_CLASS = YES_ERROR;
				CLANG_WARN_QUOTED_INCLUDE_IN_FRAMEWORK_HEADER = YES;
				CLANG_WARN_RANGE_LOOP_ANALYSIS = YES;
				CLANG_WARN_STRICT_PROTOTYPES = YES;
				CLANG_WARN_SUSPICIOUS_MOVE = YES;
				CLANG_WARN_UNGUARDED_AVAILABILITY = YES_AGGRESSIVE;
				CLANG_WARN_UNREACHABLE_CODE = YES;
				CLANG_WARN__DUPLICATE_METHOD_MATCH = YES;
				COPY_PHASE_STRIP = NO;
				DEBUG_INFORMATION_FORMAT = dwarf;
				ENABLE_STRICT_OBJC_MSGSEND = YES;
				ENABLE_TESTABILITY = YES;
				GCC_C_LANGUAGE_STANDARD = gnu11;
				GCC_DYNAMIC_NO_PIC = NO;
				GCC_NO_COMMON_BLOCKS = YES;
				GCC_OPTIMIZATION_LEVEL = 0;
				GCC_PREPROCESSOR_DEFINITIONS = (
					"DEBUG=1",
					"$(inherited)",
				);
				GCC_WARN_64_TO_32_BIT_CONVERSION = YES;
				GCC_WARN_ABOUT_RETURN_TYPE = YES_ERROR;
				GCC_WARN_UNDECLARED_SELECTOR = YES;
				GCC_WARN_UNINITIALIZED_AUTOS = YES_AGGRESSIVE;
				GCC_WARN_UNUSED_FUNCTION = YES;
				GCC_WARN_UNUSED_VARIABLE = YES;
				IPHONEOS_DEPLOYMENT_TARGET = 14.0;
				MTL_ENABLE_DEBUG_INFO = INCLUDE_SOURCE;
				MTL_FAST_MATH = YES;
				ONLY_ACTIVE_ARCH = YES;
				SDKROOT = iphoneos;
				SWIFT_ACTIVE_COMPILATION_CONDITIONS = DEBUG;
				SWIFT_OPTIMIZATION_LEVEL = "-Onone";
			};
			name = Debug;
		};
		145E08B5284FE8A60096EF9E /* Release */ = {
			isa = XCBuildConfiguration;
			buildSettings = {
				ALWAYS_SEARCH_USER_PATHS = NO;
				CLANG_ANALYZER_NONNULL = YES;
				CLANG_ANALYZER_NUMBER_OBJECT_CONVERSION = YES_AGGRESSIVE;
				CLANG_CXX_LANGUAGE_STANDARD = "gnu++14";
				CLANG_CXX_LIBRARY = "libc++";
				CLANG_ENABLE_MODULES = YES;
				CLANG_ENABLE_OBJC_ARC = YES;
				CLANG_ENABLE_OBJC_WEAK = YES;
				CLANG_WARN_BLOCK_CAPTURE_AUTORELEASING = YES;
				CLANG_WARN_BOOL_CONVERSION = YES;
				CLANG_WARN_COMMA = YES;
				CLANG_WARN_CONSTANT_CONVERSION = YES;
				CLANG_WARN_DEPRECATED_OBJC_IMPLEMENTATIONS = YES;
				CLANG_WARN_DIRECT_OBJC_ISA_USAGE = YES_ERROR;
				CLANG_WARN_DOCUMENTATION_COMMENTS = YES;
				CLANG_WARN_EMPTY_BODY = YES;
				CLANG_WARN_ENUM_CONVERSION = YES;
				CLANG_WARN_INFINITE_RECURSION = YES;
				CLANG_WARN_INT_CONVERSION = YES;
				CLANG_WARN_NON_LITERAL_NULL_CONVERSION = YES;
				CLANG_WARN_OBJC_IMPLICIT_RETAIN_SELF = YES;
				CLANG_WARN_OBJC_LITERAL_CONVERSION = YES;
				CLANG_WARN_OBJC_ROOT_CLASS = YES_ERROR;
				CLANG_WARN_QUOTED_INCLUDE_IN_FRAMEWORK_HEADER = YES;
				CLANG_WARN_RANGE_LOOP_ANALYSIS = YES;
				CLANG_WARN_STRICT_PROTOTYPES = YES;
				CLANG_WARN_SUSPICIOUS_MOVE = YES;
				CLANG_WARN_UNGUARDED_AVAILABILITY = YES_AGGRESSIVE;
				CLANG_WARN_UNREACHABLE_CODE = YES;
				CLANG_WARN__DUPLICATE_METHOD_MATCH = YES;
				COPY_PHASE_STRIP = NO;
				DEBUG_INFORMATION_FORMAT = "dwarf-with-dsym";
				ENABLE_NS_ASSERTIONS = NO;
				ENABLE_STRICT_OBJC_MSGSEND = YES;
				GCC_C_LANGUAGE_STANDARD = gnu11;
				GCC_NO_COMMON_BLOCKS = YES;
				GCC_WARN_64_TO_32_BIT_CONVERSION = YES;
				GCC_WARN_ABOUT_RETURN_TYPE = YES_ERROR;
				GCC_WARN_UNDECLARED_SELECTOR = YES;
				GCC_WARN_UNINITIALIZED_AUTOS = YES_AGGRESSIVE;
				GCC_WARN_UNUSED_FUNCTION = YES;
				GCC_WARN_UNUSED_VARIABLE = YES;
				IPHONEOS_DEPLOYMENT_TARGET = 14.0;
				MTL_ENABLE_DEBUG_INFO = NO;
				MTL_FAST_MATH = YES;
				SDKROOT = iphoneos;
				SWIFT_COMPILATION_MODE = wholemodule;
				SWIFT_OPTIMIZATION_LEVEL = "-O";
				VALIDATE_PRODUCT = YES;
			};
			name = Release;
		};
		145E08B7284FE8A60096EF9E /* Debug */ = {
			isa = XCBuildConfiguration;
			buildSettings = {
				ASSETCATALOG_COMPILER_APPICON_NAME = AppIcon;
				ASSETCATALOG_COMPILER_GLOBAL_ACCENT_COLOR_NAME = AccentColor;
				CODE_SIGN_STYLE = Automatic;
				DEVELOPMENT_ASSET_PATHS = "\"sgc/Preview Content\"";
				DEVELOPMENT_TEAM = X7328VUX59;
				ENABLE_PREVIEWS = YES;
				INFOPLIST_FILE = sgc/Info.plist;
				IPHONEOS_DEPLOYMENT_TARGET = 14.0;
				LD_RUNPATH_SEARCH_PATHS = (
					"$(inherited)",
					"@executable_path/Frameworks",
				);
				PRODUCT_BUNDLE_IDENTIFIER = roeyswift.sgc;
				PRODUCT_NAME = "$(TARGET_NAME)";
				SWIFT_VERSION = 5.0;
				TARGETED_DEVICE_FAMILY = "1,2";
			};
			name = Debug;
		};
		145E08B8284FE8A60096EF9E /* Release */ = {
			isa = XCBuildConfiguration;
			buildSettings = {
				ASSETCATALOG_COMPILER_APPICON_NAME = AppIcon;
				ASSETCATALOG_COMPILER_GLOBAL_ACCENT_COLOR_NAME = AccentColor;
				CODE_SIGN_STYLE = Automatic;
				DEVELOPMENT_ASSET_PATHS = "\"sgc/Preview Content\"";
				DEVELOPMENT_TEAM = X7328VUX59;
				ENABLE_PREVIEWS = YES;
				INFOPLIST_FILE = sgc/Info.plist;
				IPHONEOS_DEPLOYMENT_TARGET = 14.0;
				LD_RUNPATH_SEARCH_PATHS = (
					"$(inherited)",
					"@executable_path/Frameworks",
				);
				PRODUCT_BUNDLE_IDENTIFIER = roeyswift.sgc;
				PRODUCT_NAME = "$(TARGET_NAME)";
				SWIFT_VERSION = 5.0;
				TARGETED_DEVICE_FAMILY = "1,2";
			};
			name = Release;
		};
/* End XCBuildConfiguration section */

/* Begin XCConfigurationList section */
		145E08A2284FE8A50096EF9E /* Build configuration list for PBXProject "sgc" */ = {
			isa = XCConfigurationList;
			buildConfigurations = (
				145E08B4284FE8A60096EF9E /* Debug */,
				145E08B5284FE8A60096EF9E /* Release */,
			);
			defaultConfigurationIsVisible = 0;
			defaultConfigurationName = Release;
		};
		145E08B6284FE8A60096EF9E /* Build configuration list for PBXNativeTarget "sgc" */ = {
			isa = XCConfigurationList;
			buildConfigurations = (
				145E08B7284FE8A60096EF9E /* Debug */,
				145E08B8284FE8A60096EF9E /* Release */,
			);
			defaultConfigurationIsVisible = 0;
			defaultConfigurationName = Release;
		};
/* End XCConfigurationList section */
	};
	rootObject = 145E089F284FE8A50096EF9E /* Project object */;
}
